// !$*UTF8*$!
{
	archiveVersion = 1;
	classes = {
	};
	objectVersion = 55;
	objects = {

/* Begin PBXBuildFile section */
		150F79FC27FCCE24006C75FF /* IniciarSesionViewController.swift in Sources */ = {isa = PBXBuildFile; fileRef = 150F79FA27FCCE24006C75FF /* IniciarSesionViewController.swift */; };
		150F79FD27FCCE24006C75FF /* IniciarSesionViewController.xib in Resources */ = {isa = PBXBuildFile; fileRef = 150F79FB27FCCE24006C75FF /* IniciarSesionViewController.xib */; };
		150F7A0027FCD63D006C75FF /* TablaPrincipalPeliculasViewController.swift in Sources */ = {isa = PBXBuildFile; fileRef = 150F79FE27FCD63D006C75FF /* TablaPrincipalPeliculasViewController.swift */; };
		150F7A0127FCD63D006C75FF /* TablaPrincipalPeliculasViewController.xib in Resources */ = {isa = PBXBuildFile; fileRef = 150F79FF27FCD63D006C75FF /* TablaPrincipalPeliculasViewController.xib */; };
		150F7A0327FCF8E8006C75FF /* ClaseSingleton.swift in Sources */ = {isa = PBXBuildFile; fileRef = 150F7A0227FCF8E8006C75FF /* ClaseSingleton.swift */; };
		153EEB3527F7826900B8B2ED /* PantallasTabBarController.swift in Sources */ = {isa = PBXBuildFile; fileRef = 153EEB3427F7826900B8B2ED /* PantallasTabBarController.swift */; };
		154BDB2B27F52FB700778343 /* LoginViewController.xib in Resources */ = {isa = PBXBuildFile; fileRef = 154BDB2927F52FB700778343 /* LoginViewController.xib */; };
		154BDB3427F5307400778343 /* CeldaFavoritosTableViewCell.swift in Sources */ = {isa = PBXBuildFile; fileRef = 154BDB3227F5307400778343 /* CeldaFavoritosTableViewCell.swift */; };
		154BDB3527F5307400778343 /* CeldaFavoritosTableViewCell.xib in Resources */ = {isa = PBXBuildFile; fileRef = 154BDB3327F5307400778343 /* CeldaFavoritosTableViewCell.xib */; };
		154BDB3B27F61ABC00778343 /* AutentificarViewController.swift in Sources */ = {isa = PBXBuildFile; fileRef = 154BDB3A27F61ABC00778343 /* AutentificarViewController.swift */; };
		154BDB3F27F61D8900778343 /* SesionIniciadaViewController.swift in Sources */ = {isa = PBXBuildFile; fileRef = 154BDB3D27F61D8900778343 /* SesionIniciadaViewController.swift */; };
		154BDB4027F61D8900778343 /* SesionIniciadaViewController.xib in Resources */ = {isa = PBXBuildFile; fileRef = 154BDB3E27F61D8900778343 /* SesionIniciadaViewController.xib */; };
		1561EB7F27F5109E00DF1F05 /* GoogleService-Info.plist in Resources */ = {isa = PBXBuildFile; fileRef = 1561EB7E27F5109E00DF1F05 /* GoogleService-Info.plist */; };
		1591296A27EB9AEB00570FF2 /* JSONMobileAPIUpComingCollection.swift in Sources */ = {isa = PBXBuildFile; fileRef = 1591296927EB9AEB00570FF2 /* JSONMobileAPIUpComingCollection.swift */; };
		1591296E27EB9E6900570FF2 /* DetallesPeliculaViewController.swift in Sources */ = {isa = PBXBuildFile; fileRef = 1591296C27EB9E6900570FF2 /* DetallesPeliculaViewController.swift */; };
		1591296F27EB9E6900570FF2 /* DetallesPeliculaViewController.xib in Resources */ = {isa = PBXBuildFile; fileRef = 1591296D27EB9E6900570FF2 /* DetallesPeliculaViewController.xib */; };
		1591299827EBA9D900570FF2 /* ExecuteJSON.swift in Sources */ = {isa = PBXBuildFile; fileRef = 1591299727EBA9D900570FF2 /* ExecuteJSON.swift */; };
		15CCD52427EA3190007FAE68 /* AppDelegate.swift in Sources */ = {isa = PBXBuildFile; fileRef = 15CCD52327EA3190007FAE68 /* AppDelegate.swift */; };
		15CCD52627EA3190007FAE68 /* SceneDelegate.swift in Sources */ = {isa = PBXBuildFile; fileRef = 15CCD52527EA3190007FAE68 /* SceneDelegate.swift */; };
		15CCD52827EA3190007FAE68 /* ViewController.swift in Sources */ = {isa = PBXBuildFile; fileRef = 15CCD52727EA3190007FAE68 /* ViewController.swift */; };
		15CCD52B27EA3190007FAE68 /* Main.storyboard in Resources */ = {isa = PBXBuildFile; fileRef = 15CCD52927EA3190007FAE68 /* Main.storyboard */; };
		15CCD52D27EA3199007FAE68 /* Assets.xcassets in Resources */ = {isa = PBXBuildFile; fileRef = 15CCD52C27EA3199007FAE68 /* Assets.xcassets */; };
		15CCD53027EA3199007FAE68 /* LaunchScreen.storyboard in Resources */ = {isa = PBXBuildFile; fileRef = 15CCD52E27EA3199007FAE68 /* LaunchScreen.storyboard */; };
		15CCD54527EA3A01007FAE68 /* PopularesTableViewCell.swift in Sources */ = {isa = PBXBuildFile; fileRef = 15CCD54327EA3A01007FAE68 /* PopularesTableViewCell.swift */; };
		15CCD54627EA3A01007FAE68 /* PopularesTableViewCell.xib in Resources */ = {isa = PBXBuildFile; fileRef = 15CCD54427EA3A01007FAE68 /* PopularesTableViewCell.xib */; };
		15CCD54927EA3A20007FAE68 /* UpComingTableViewCell.swift in Sources */ = {isa = PBXBuildFile; fileRef = 15CCD54727EA3A20007FAE68 /* UpComingTableViewCell.swift */; };
		15CCD54A27EA3A20007FAE68 /* UpComingTableViewCell.xib in Resources */ = {isa = PBXBuildFile; fileRef = 15CCD54827EA3A20007FAE68 /* UpComingTableViewCell.xib */; };
		15CCD54D27EA3CEC007FAE68 /* JSONMobileAPIPopularesCollection.swift in Sources */ = {isa = PBXBuildFile; fileRef = 15CCD54C27EA3CEC007FAE68 /* JSONMobileAPIPopularesCollection.swift */; };
		15CCD55F27EB8193007FAE68 /* ExtensionImageView.swift in Sources */ = {isa = PBXBuildFile; fileRef = 15CCD55E27EB8193007FAE68 /* ExtensionImageView.swift */; };
		15D3BA0027FBA35000A5CD39 /* TablaFavoritosViewController.swift in Sources */ = {isa = PBXBuildFile; fileRef = 15D3B9FE27FBA35000A5CD39 /* TablaFavoritosViewController.swift */; };
		15D3BA0127FBA35000A5CD39 /* TablaFavoritosViewController.xib in Resources */ = {isa = PBXBuildFile; fileRef = 15D3B9FF27FBA35000A5CD39 /* TablaFavoritosViewController.xib */; };
		15D3BA0427FBC5CD00A5CD39 /* File.swift in Sources */ = {isa = PBXBuildFile; fileRef = 15D3BA0327FBC5CD00A5CD39 /* File.swift */; };
		15FCD4D427FF406B009DC0FC /* Repositorio.swift in Sources */ = {isa = PBXBuildFile; fileRef = 15FCD4D327FF406B009DC0FC /* Repositorio.swift */; };
		15FCD4D627FF462A009DC0FC /* Favoritos.swift in Sources */ = {isa = PBXBuildFile; fileRef = 15FCD4D527FF462A009DC0FC /* Favoritos.swift */; };
		2A62373270EFDEA585D8E17B /* Pods_MobileAPICollection.framework in Frameworks */ = {isa = PBXBuildFile; fileRef = 86A329E40C456BF5F7D3D6AC /* Pods_MobileAPICollection.framework */; };
		9C0E796A282440E500F8DAB3 /* HomePresenter.swift in Sources */ = {isa = PBXBuildFile; fileRef = 9C0E7969282440E500F8DAB3 /* HomePresenter.swift */; };
		9C0E796C2824654500F8DAB3 /* FavoritesManager.swift in Sources */ = {isa = PBXBuildFile; fileRef = 9C0E796B2824654400F8DAB3 /* FavoritesManager.swift */; };
/* End PBXBuildFile section */

/* Begin PBXFileReference section */
		150F79FA27FCCE24006C75FF /* IniciarSesionViewController.swift */ = {isa = PBXFileReference; lastKnownFileType = sourcecode.swift; path = IniciarSesionViewController.swift; sourceTree = "<group>"; };
		150F79FB27FCCE24006C75FF /* IniciarSesionViewController.xib */ = {isa = PBXFileReference; lastKnownFileType = file.xib; path = IniciarSesionViewController.xib; sourceTree = "<group>"; };
		150F79FE27FCD63D006C75FF /* TablaPrincipalPeliculasViewController.swift */ = {isa = PBXFileReference; lastKnownFileType = sourcecode.swift; path = TablaPrincipalPeliculasViewController.swift; sourceTree = "<group>"; };
		150F79FF27FCD63D006C75FF /* TablaPrincipalPeliculasViewController.xib */ = {isa = PBXFileReference; lastKnownFileType = file.xib; path = TablaPrincipalPeliculasViewController.xib; sourceTree = "<group>"; };
		150F7A0227FCF8E8006C75FF /* ClaseSingleton.swift */ = {isa = PBXFileReference; lastKnownFileType = sourcecode.swift; path = ClaseSingleton.swift; sourceTree = "<group>"; };
		153EEB3427F7826900B8B2ED /* PantallasTabBarController.swift */ = {isa = PBXFileReference; lastKnownFileType = sourcecode.swift; path = PantallasTabBarController.swift; sourceTree = "<group>"; };
		154BDB2927F52FB700778343 /* LoginViewController.xib */ = {isa = PBXFileReference; lastKnownFileType = file.xib; path = LoginViewController.xib; sourceTree = "<group>"; };
		154BDB3227F5307400778343 /* CeldaFavoritosTableViewCell.swift */ = {isa = PBXFileReference; lastKnownFileType = sourcecode.swift; path = CeldaFavoritosTableViewCell.swift; sourceTree = "<group>"; };
		154BDB3327F5307400778343 /* CeldaFavoritosTableViewCell.xib */ = {isa = PBXFileReference; lastKnownFileType = file.xib; path = CeldaFavoritosTableViewCell.xib; sourceTree = "<group>"; };
		154BDB3A27F61ABC00778343 /* AutentificarViewController.swift */ = {isa = PBXFileReference; lastKnownFileType = sourcecode.swift; path = AutentificarViewController.swift; sourceTree = "<group>"; };
		154BDB3D27F61D8900778343 /* SesionIniciadaViewController.swift */ = {isa = PBXFileReference; lastKnownFileType = sourcecode.swift; path = SesionIniciadaViewController.swift; sourceTree = "<group>"; };
		154BDB3E27F61D8900778343 /* SesionIniciadaViewController.xib */ = {isa = PBXFileReference; lastKnownFileType = file.xib; path = SesionIniciadaViewController.xib; sourceTree = "<group>"; };
		1561EB7E27F5109E00DF1F05 /* GoogleService-Info.plist */ = {isa = PBXFileReference; fileEncoding = 4; lastKnownFileType = text.plist.xml; path = "GoogleService-Info.plist"; sourceTree = "<group>"; };
		1591296927EB9AEB00570FF2 /* JSONMobileAPIUpComingCollection.swift */ = {isa = PBXFileReference; lastKnownFileType = sourcecode.swift; path = JSONMobileAPIUpComingCollection.swift; sourceTree = "<group>"; };
		1591296C27EB9E6900570FF2 /* DetallesPeliculaViewController.swift */ = {isa = PBXFileReference; lastKnownFileType = sourcecode.swift; path = DetallesPeliculaViewController.swift; sourceTree = "<group>"; };
		1591296D27EB9E6900570FF2 /* DetallesPeliculaViewController.xib */ = {isa = PBXFileReference; lastKnownFileType = file.xib; path = DetallesPeliculaViewController.xib; sourceTree = "<group>"; };
		1591299727EBA9D900570FF2 /* ExecuteJSON.swift */ = {isa = PBXFileReference; lastKnownFileType = sourcecode.swift; path = ExecuteJSON.swift; sourceTree = "<group>"; };
		15CCD52027EA3190007FAE68 /* MobileAPICollection.app */ = {isa = PBXFileReference; explicitFileType = wrapper.application; includeInIndex = 0; path = MobileAPICollection.app; sourceTree = BUILT_PRODUCTS_DIR; };
		15CCD52327EA3190007FAE68 /* AppDelegate.swift */ = {isa = PBXFileReference; lastKnownFileType = sourcecode.swift; path = AppDelegate.swift; sourceTree = "<group>"; };
		15CCD52527EA3190007FAE68 /* SceneDelegate.swift */ = {isa = PBXFileReference; lastKnownFileType = sourcecode.swift; path = SceneDelegate.swift; sourceTree = "<group>"; };
		15CCD52727EA3190007FAE68 /* ViewController.swift */ = {isa = PBXFileReference; lastKnownFileType = sourcecode.swift; path = ViewController.swift; sourceTree = "<group>"; };
		15CCD52A27EA3190007FAE68 /* Base */ = {isa = PBXFileReference; lastKnownFileType = file.storyboard; name = Base; path = Base.lproj/Main.storyboard; sourceTree = "<group>"; };
		15CCD52C27EA3199007FAE68 /* Assets.xcassets */ = {isa = PBXFileReference; lastKnownFileType = folder.assetcatalog; path = Assets.xcassets; sourceTree = "<group>"; };
		15CCD52F27EA3199007FAE68 /* Base */ = {isa = PBXFileReference; lastKnownFileType = file.storyboard; name = Base; path = Base.lproj/LaunchScreen.storyboard; sourceTree = "<group>"; };
		15CCD53127EA3199007FAE68 /* Info.plist */ = {isa = PBXFileReference; lastKnownFileType = text.plist.xml; path = Info.plist; sourceTree = "<group>"; };
		15CCD54327EA3A01007FAE68 /* PopularesTableViewCell.swift */ = {isa = PBXFileReference; lastKnownFileType = sourcecode.swift; path = PopularesTableViewCell.swift; sourceTree = "<group>"; };
		15CCD54427EA3A01007FAE68 /* PopularesTableViewCell.xib */ = {isa = PBXFileReference; lastKnownFileType = file.xib; path = PopularesTableViewCell.xib; sourceTree = "<group>"; };
		15CCD54727EA3A20007FAE68 /* UpComingTableViewCell.swift */ = {isa = PBXFileReference; lastKnownFileType = sourcecode.swift; path = UpComingTableViewCell.swift; sourceTree = "<group>"; };
		15CCD54827EA3A20007FAE68 /* UpComingTableViewCell.xib */ = {isa = PBXFileReference; lastKnownFileType = file.xib; path = UpComingTableViewCell.xib; sourceTree = "<group>"; };
		15CCD54C27EA3CEC007FAE68 /* JSONMobileAPIPopularesCollection.swift */ = {isa = PBXFileReference; lastKnownFileType = sourcecode.swift; path = JSONMobileAPIPopularesCollection.swift; sourceTree = "<group>"; };
		15CCD55E27EB8193007FAE68 /* ExtensionImageView.swift */ = {isa = PBXFileReference; lastKnownFileType = sourcecode.swift; path = ExtensionImageView.swift; sourceTree = "<group>"; };
		15D3B9FE27FBA35000A5CD39 /* TablaFavoritosViewController.swift */ = {isa = PBXFileReference; lastKnownFileType = sourcecode.swift; path = TablaFavoritosViewController.swift; sourceTree = "<group>"; };
		15D3B9FF27FBA35000A5CD39 /* TablaFavoritosViewController.xib */ = {isa = PBXFileReference; lastKnownFileType = file.xib; path = TablaFavoritosViewController.xib; sourceTree = "<group>"; };
		15D3BA0327FBC5CD00A5CD39 /* File.swift */ = {isa = PBXFileReference; lastKnownFileType = sourcecode.swift; path = File.swift; sourceTree = "<group>"; };
		15FCD4D327FF406B009DC0FC /* Repositorio.swift */ = {isa = PBXFileReference; lastKnownFileType = sourcecode.swift; path = Repositorio.swift; sourceTree = "<group>"; };
		15FCD4D527FF462A009DC0FC /* Favoritos.swift */ = {isa = PBXFileReference; lastKnownFileType = sourcecode.swift; path = Favoritos.swift; sourceTree = "<group>"; };
		86A329E40C456BF5F7D3D6AC /* Pods_MobileAPICollection.framework */ = {isa = PBXFileReference; explicitFileType = wrapper.framework; includeInIndex = 0; path = Pods_MobileAPICollection.framework; sourceTree = BUILT_PRODUCTS_DIR; };
		86E6C4871083223C3616E25D /* Pods-MobileAPICollection.release.xcconfig */ = {isa = PBXFileReference; includeInIndex = 1; lastKnownFileType = text.xcconfig; name = "Pods-MobileAPICollection.release.xcconfig"; path = "Target Support Files/Pods-MobileAPICollection/Pods-MobileAPICollection.release.xcconfig"; sourceTree = "<group>"; };
		9C0E7969282440E500F8DAB3 /* HomePresenter.swift */ = {isa = PBXFileReference; lastKnownFileType = sourcecode.swift; path = HomePresenter.swift; sourceTree = "<group>"; };
		9C0E796B2824654400F8DAB3 /* FavoritesManager.swift */ = {isa = PBXFileReference; lastKnownFileType = sourcecode.swift; path = FavoritesManager.swift; sourceTree = "<group>"; };
		F4EA3105DEAC02501F96EFC4 /* Pods-MobileAPICollection.debug.xcconfig */ = {isa = PBXFileReference; includeInIndex = 1; lastKnownFileType = text.xcconfig; name = "Pods-MobileAPICollection.debug.xcconfig"; path = "Target Support Files/Pods-MobileAPICollection/Pods-MobileAPICollection.debug.xcconfig"; sourceTree = "<group>"; };
/* End PBXFileReference section */

/* Begin PBXFrameworksBuildPhase section */
		15CCD51D27EA3190007FAE68 /* Frameworks */ = {
			isa = PBXFrameworksBuildPhase;
			buildActionMask = 2147483647;
			files = (
				2A62373270EFDEA585D8E17B /* Pods_MobileAPICollection.framework in Frameworks */,
			);
			runOnlyForDeploymentPostprocessing = 0;
		};
/* End PBXFrameworksBuildPhase section */

/* Begin PBXGroup section */
		153EEB2F27F781A600B8B2ED /* tabBar */ = {
			isa = PBXGroup;
			children = (
				153EEB3427F7826900B8B2ED /* PantallasTabBarController.swift */,
			);
			path = tabBar;
			sourceTree = "<group>";
		};
		153EEB3627F7C79D00B8B2ED /* TablaPeliculas */ = {
			isa = PBXGroup;
			children = (
				15CCD54127EA3908007FAE68 /* CeldaPopulares */,
				15CCD54227EA3920007FAE68 /* CeldaUpComing */,
				150F79FE27FCD63D006C75FF /* TablaPrincipalPeliculasViewController.swift */,
				150F79FF27FCD63D006C75FF /* TablaPrincipalPeliculasViewController.xib */,
			);
			path = TablaPeliculas;
			sourceTree = "<group>";
		};
		154BDB2727F52BCD00778343 /* Login */ = {
			isa = PBXGroup;
			children = (
				154BDB2927F52FB700778343 /* LoginViewController.xib */,
				154BDB3A27F61ABC00778343 /* AutentificarViewController.swift */,
				150F79FA27FCCE24006C75FF /* IniciarSesionViewController.swift */,
				150F79FB27FCCE24006C75FF /* IniciarSesionViewController.xib */,
			);
			path = Login;
			sourceTree = "<group>";
		};
		154BDB3127F5302A00778343 /* celdaFavoritos */ = {
			isa = PBXGroup;
			children = (
				154BDB3227F5307400778343 /* CeldaFavoritosTableViewCell.swift */,
				154BDB3327F5307400778343 /* CeldaFavoritosTableViewCell.xib */,
			);
			path = celdaFavoritos;
			sourceTree = "<group>";
		};
		154BDB3C27F61D4F00778343 /* sesion */ = {
			isa = PBXGroup;
			children = (
				154BDB3D27F61D8900778343 /* SesionIniciadaViewController.swift */,
				154BDB3E27F61D8900778343 /* SesionIniciadaViewController.xib */,
			);
			path = sesion;
			sourceTree = "<group>";
		};
		1591296B27EB9DF600570FF2 /* Detalles */ = {
			isa = PBXGroup;
			children = (
				1591296C27EB9E6900570FF2 /* DetallesPeliculaViewController.swift */,
				1591296D27EB9E6900570FF2 /* DetallesPeliculaViewController.xib */,
			);
			path = Detalles;
			sourceTree = "<group>";
		};
		1591299627EBA9BA00570FF2 /* ExecuteJSON */ = {
			isa = PBXGroup;
			children = (
				15FCD4D227FF4056009DC0FC /* repositorio */,
				1591299727EBA9D900570FF2 /* ExecuteJSON.swift */,
			);
			path = ExecuteJSON;
			sourceTree = "<group>";
		};
		15CCD51727EA3190007FAE68 = {
			isa = PBXGroup;
			children = (
				9C0E796B2824654400F8DAB3 /* FavoritesManager.swift */,
				9C0E7969282440E500F8DAB3 /* HomePresenter.swift */,
				15CCD52227EA3190007FAE68 /* MobileAPICollection */,
				15CCD52127EA3190007FAE68 /* Products */,
				981779BD62C339FFB7775B8D /* Pods */,
				C772548A976FCC4A3AE72F55 /* Frameworks */,
			);
			sourceTree = "<group>";
		};
		15CCD52127EA3190007FAE68 /* Products */ = {
			isa = PBXGroup;
			children = (
				15CCD52027EA3190007FAE68 /* MobileAPICollection.app */,
			);
			name = Products;
			sourceTree = "<group>";
		};
		15CCD52227EA3190007FAE68 /* MobileAPICollection */ = {
			isa = PBXGroup;
			children = (
				15D3BA0227FBC3E500A5CD39 /* consulataFireBase */,
				15D3B9FD27FBA32700A5CD39 /* TablaFavoritos */,
				153EEB3627F7C79D00B8B2ED /* TablaPeliculas */,
				153EEB2F27F781A600B8B2ED /* tabBar */,
				154BDB3C27F61D4F00778343 /* sesion */,
				154BDB2727F52BCD00778343 /* Login */,
				1591299627EBA9BA00570FF2 /* ExecuteJSON */,
				1591296B27EB9DF600570FF2 /* Detalles */,
				15CCD55D27EB8164007FAE68 /* ImageVieExtension */,
				15CCD54B27EA3CAE007FAE68 /* Struct */,
				15CCD52327EA3190007FAE68 /* AppDelegate.swift */,
				15CCD52527EA3190007FAE68 /* SceneDelegate.swift */,
				15CCD52727EA3190007FAE68 /* ViewController.swift */,
				150F7A0227FCF8E8006C75FF /* ClaseSingleton.swift */,
				15CCD52927EA3190007FAE68 /* Main.storyboard */,
				15CCD52C27EA3199007FAE68 /* Assets.xcassets */,
				15CCD52E27EA3199007FAE68 /* LaunchScreen.storyboard */,
				15CCD53127EA3199007FAE68 /* Info.plist */,
				1561EB7E27F5109E00DF1F05 /* GoogleService-Info.plist */,
			);
			path = MobileAPICollection;
			sourceTree = "<group>";
		};
		15CCD54127EA3908007FAE68 /* CeldaPopulares */ = {
			isa = PBXGroup;
			children = (
				15CCD54327EA3A01007FAE68 /* PopularesTableViewCell.swift */,
				15CCD54427EA3A01007FAE68 /* PopularesTableViewCell.xib */,
			);
			path = CeldaPopulares;
			sourceTree = "<group>";
		};
		15CCD54227EA3920007FAE68 /* CeldaUpComing */ = {
			isa = PBXGroup;
			children = (
				15CCD54727EA3A20007FAE68 /* UpComingTableViewCell.swift */,
				15CCD54827EA3A20007FAE68 /* UpComingTableViewCell.xib */,
			);
			path = CeldaUpComing;
			sourceTree = "<group>";
		};
		15CCD54B27EA3CAE007FAE68 /* Struct */ = {
			isa = PBXGroup;
			children = (
				15CCD54C27EA3CEC007FAE68 /* JSONMobileAPIPopularesCollection.swift */,
				1591296927EB9AEB00570FF2 /* JSONMobileAPIUpComingCollection.swift */,
			);
			path = Struct;
			sourceTree = "<group>";
		};
		15CCD55D27EB8164007FAE68 /* ImageVieExtension */ = {
			isa = PBXGroup;
			children = (
				15CCD55E27EB8193007FAE68 /* ExtensionImageView.swift */,
			);
			path = ImageVieExtension;
			sourceTree = "<group>";
		};
		15D3B9FD27FBA32700A5CD39 /* TablaFavoritos */ = {
			isa = PBXGroup;
			children = (
				154BDB3127F5302A00778343 /* celdaFavoritos */,
				15D3B9FE27FBA35000A5CD39 /* TablaFavoritosViewController.swift */,
				15D3B9FF27FBA35000A5CD39 /* TablaFavoritosViewController.xib */,
				15FCD4D527FF462A009DC0FC /* Favoritos.swift */,
			);
			path = TablaFavoritos;
			sourceTree = "<group>";
		};
		15D3BA0227FBC3E500A5CD39 /* consulataFireBase */ = {
			isa = PBXGroup;
			children = (
				15D3BA0327FBC5CD00A5CD39 /* File.swift */,
			);
			path = consulataFireBase;
			sourceTree = "<group>";
		};
		15FCD4D227FF4056009DC0FC /* repositorio */ = {
			isa = PBXGroup;
			children = (
				15FCD4D327FF406B009DC0FC /* Repositorio.swift */,
			);
			path = repositorio;
			sourceTree = "<group>";
		};
		981779BD62C339FFB7775B8D /* Pods */ = {
			isa = PBXGroup;
			children = (
				F4EA3105DEAC02501F96EFC4 /* Pods-MobileAPICollection.debug.xcconfig */,
				86E6C4871083223C3616E25D /* Pods-MobileAPICollection.release.xcconfig */,
			);
			path = Pods;
			sourceTree = "<group>";
		};
		C772548A976FCC4A3AE72F55 /* Frameworks */ = {
			isa = PBXGroup;
			children = (
				86A329E40C456BF5F7D3D6AC /* Pods_MobileAPICollection.framework */,
			);
			name = Frameworks;
			sourceTree = "<group>";
		};
/* End PBXGroup section */

/* Begin PBXNativeTarget section */
		15CCD51F27EA3190007FAE68 /* MobileAPICollection */ = {
			isa = PBXNativeTarget;
			buildConfigurationList = 15CCD53427EA3199007FAE68 /* Build configuration list for PBXNativeTarget "MobileAPICollection" */;
			buildPhases = (
				4F627AAF490E989096AE51FF /* [CP] Check Pods Manifest.lock */,
				15CCD51C27EA3190007FAE68 /* Sources */,
				15CCD51D27EA3190007FAE68 /* Frameworks */,
				15CCD51E27EA3190007FAE68 /* Resources */,
				E5EB0DA530BBC967E9054A32 /* [CP] Embed Pods Frameworks */,
			);
			buildRules = (
			);
			dependencies = (
			);
			name = MobileAPICollection;
			productName = MobileAPICollection;
			productReference = 15CCD52027EA3190007FAE68 /* MobileAPICollection.app */;
			productType = "com.apple.product-type.application";
		};
/* End PBXNativeTarget section */

/* Begin PBXProject section */
		15CCD51827EA3190007FAE68 /* Project object */ = {
			isa = PBXProject;
			attributes = {
				BuildIndependentTargetsInParallel = 1;
				LastSwiftUpdateCheck = 1310;
				LastUpgradeCheck = 1310;
				TargetAttributes = {
					15CCD51F27EA3190007FAE68 = {
						CreatedOnToolsVersion = 13.1;
					};
				};
			};
			buildConfigurationList = 15CCD51B27EA3190007FAE68 /* Build configuration list for PBXProject "MobileAPICollection" */;
			compatibilityVersion = "Xcode 13.0";
			developmentRegion = en;
			hasScannedForEncodings = 0;
			knownRegions = (
				en,
				Base,
			);
			mainGroup = 15CCD51727EA3190007FAE68;
			productRefGroup = 15CCD52127EA3190007FAE68 /* Products */;
			projectDirPath = "";
			projectRoot = "";
			targets = (
				15CCD51F27EA3190007FAE68 /* MobileAPICollection */,
			);
		};
/* End PBXProject section */

/* Begin PBXResourcesBuildPhase section */
		15CCD51E27EA3190007FAE68 /* Resources */ = {
			isa = PBXResourcesBuildPhase;
			buildActionMask = 2147483647;
			files = (
				154BDB2B27F52FB700778343 /* LoginViewController.xib in Resources */,
				154BDB3527F5307400778343 /* CeldaFavoritosTableViewCell.xib in Resources */,
				15D3BA0127FBA35000A5CD39 /* TablaFavoritosViewController.xib in Resources */,
				150F7A0127FCD63D006C75FF /* TablaPrincipalPeliculasViewController.xib in Resources */,
				15CCD54A27EA3A20007FAE68 /* UpComingTableViewCell.xib in Resources */,
				15CCD53027EA3199007FAE68 /* LaunchScreen.storyboard in Resources */,
				15CCD54627EA3A01007FAE68 /* PopularesTableViewCell.xib in Resources */,
				1591296F27EB9E6900570FF2 /* DetallesPeliculaViewController.xib in Resources */,
				154BDB4027F61D8900778343 /* SesionIniciadaViewController.xib in Resources */,
				15CCD52D27EA3199007FAE68 /* Assets.xcassets in Resources */,
				150F79FD27FCCE24006C75FF /* IniciarSesionViewController.xib in Resources */,
				1561EB7F27F5109E00DF1F05 /* GoogleService-Info.plist in Resources */,
				15CCD52B27EA3190007FAE68 /* Main.storyboard in Resources */,
			);
			runOnlyForDeploymentPostprocessing = 0;
		};
/* End PBXResourcesBuildPhase section */

/* Begin PBXShellScriptBuildPhase section */
		4F627AAF490E989096AE51FF /* [CP] Check Pods Manifest.lock */ = {
			isa = PBXShellScriptBuildPhase;
			buildActionMask = 2147483647;
			files = (
			);
			inputFileListPaths = (
			);
			inputPaths = (
				"${PODS_PODFILE_DIR_PATH}/Podfile.lock",
				"${PODS_ROOT}/Manifest.lock",
			);
			name = "[CP] Check Pods Manifest.lock";
			outputFileListPaths = (
			);
			outputPaths = (
				"$(DERIVED_FILE_DIR)/Pods-MobileAPICollection-checkManifestLockResult.txt",
			);
			runOnlyForDeploymentPostprocessing = 0;
			shellPath = /bin/sh;
			shellScript = "diff \"${PODS_PODFILE_DIR_PATH}/Podfile.lock\" \"${PODS_ROOT}/Manifest.lock\" > /dev/null\nif [ $? != 0 ] ; then\n    # print error to STDERR\n    echo \"error: The sandbox is not in sync with the Podfile.lock. Run 'pod install' or update your CocoaPods installation.\" >&2\n    exit 1\nfi\n# This output is used by Xcode 'outputs' to avoid re-running this script phase.\necho \"SUCCESS\" > \"${SCRIPT_OUTPUT_FILE_0}\"\n";
			showEnvVarsInLog = 0;
		};
		E5EB0DA530BBC967E9054A32 /* [CP] Embed Pods Frameworks */ = {
			isa = PBXShellScriptBuildPhase;
			buildActionMask = 2147483647;
			files = (
			);
			inputFileListPaths = (
				"${PODS_ROOT}/Target Support Files/Pods-MobileAPICollection/Pods-MobileAPICollection-frameworks-${CONFIGURATION}-input-files.xcfilelist",
			);
			name = "[CP] Embed Pods Frameworks";
			outputFileListPaths = (
				"${PODS_ROOT}/Target Support Files/Pods-MobileAPICollection/Pods-MobileAPICollection-frameworks-${CONFIGURATION}-output-files.xcfilelist",
			);
			runOnlyForDeploymentPostprocessing = 0;
			shellPath = /bin/sh;
			shellScript = "\"${PODS_ROOT}/Target Support Files/Pods-MobileAPICollection/Pods-MobileAPICollection-frameworks.sh\"\n";
			showEnvVarsInLog = 0;
		};
/* End PBXShellScriptBuildPhase section */

/* Begin PBXSourcesBuildPhase section */
		15CCD51C27EA3190007FAE68 /* Sources */ = {
			isa = PBXSourcesBuildPhase;
			buildActionMask = 2147483647;
			files = (
				15CCD52827EA3190007FAE68 /* ViewController.swift in Sources */,
				15CCD54927EA3A20007FAE68 /* UpComingTableViewCell.swift in Sources */,
				1591296A27EB9AEB00570FF2 /* JSONMobileAPIUpComingCollection.swift in Sources */,
				15CCD54527EA3A01007FAE68 /* PopularesTableViewCell.swift in Sources */,
				15FCD4D627FF462A009DC0FC /* Favoritos.swift in Sources */,
				15D3BA0027FBA35000A5CD39 /* TablaFavoritosViewController.swift in Sources */,
				150F79FC27FCCE24006C75FF /* IniciarSesionViewController.swift in Sources */,
				1591296E27EB9E6900570FF2 /* DetallesPeliculaViewController.swift in Sources */,
				15FCD4D427FF406B009DC0FC /* Repositorio.swift in Sources */,
				15D3BA0427FBC5CD00A5CD39 /* File.swift in Sources */,
				15CCD52427EA3190007FAE68 /* AppDelegate.swift in Sources */,
				150F7A0027FCD63D006C75FF /* TablaPrincipalPeliculasViewController.swift in Sources */,
				15CCD54D27EA3CEC007FAE68 /* JSONMobileAPIPopularesCollection.swift in Sources */,
				154BDB3B27F61ABC00778343 /* AutentificarViewController.swift in Sources */,
				154BDB3427F5307400778343 /* CeldaFavoritosTableViewCell.swift in Sources */,
				153EEB3527F7826900B8B2ED /* PantallasTabBarController.swift in Sources */,
				150F7A0327FCF8E8006C75FF /* ClaseSingleton.swift in Sources */,
				1591299827EBA9D900570FF2 /* ExecuteJSON.swift in Sources */,
				154BDB3F27F61D8900778343 /* SesionIniciadaViewController.swift in Sources */,
				9C0E796C2824654500F8DAB3 /* FavoritesManager.swift in Sources */,
				15CCD52627EA3190007FAE68 /* SceneDelegate.swift in Sources */,
				15CCD55F27EB8193007FAE68 /* ExtensionImageView.swift in Sources */,
				9C0E796A282440E500F8DAB3 /* HomePresenter.swift in Sources */,
			);
			runOnlyForDeploymentPostprocessing = 0;
		};
/* End PBXSourcesBuildPhase section */

/* Begin PBXVariantGroup section */
		15CCD52927EA3190007FAE68 /* Main.storyboard */ = {
			isa = PBXVariantGroup;
			children = (
				15CCD52A27EA3190007FAE68 /* Base */,
			);
			name = Main.storyboard;
			sourceTree = "<group>";
		};
		15CCD52E27EA3199007FAE68 /* LaunchScreen.storyboard */ = {
			isa = PBXVariantGroup;
			children = (
				15CCD52F27EA3199007FAE68 /* Base */,
			);
			name = LaunchScreen.storyboard;
			sourceTree = "<group>";
		};
/* End PBXVariantGroup section */

/* Begin XCBuildConfiguration section */
		15CCD53227EA3199007FAE68 /* Debug */ = {
			isa = XCBuildConfiguration;
			buildSettings = {
				ALWAYS_SEARCH_USER_PATHS = NO;
				CLANG_ANALYZER_NONNULL = YES;
				CLANG_ANALYZER_NUMBER_OBJECT_CONVERSION = YES_AGGRESSIVE;
				CLANG_CXX_LANGUAGE_STANDARD = "gnu++17";
				CLANG_CXX_LIBRARY = "libc++";
				CLANG_ENABLE_MODULES = YES;
				CLANG_ENABLE_OBJC_ARC = YES;
				CLANG_ENABLE_OBJC_WEAK = YES;
				CLANG_WARN_BLOCK_CAPTURE_AUTORELEASING = YES;
				CLANG_WARN_BOOL_CONVERSION = YES;
				CLANG_WARN_COMMA = YES;
				CLANG_WARN_CONSTANT_CONVERSION = YES;
				CLANG_WARN_DEPRECATED_OBJC_IMPLEMENTATIONS = YES;
				CLANG_WARN_DIRECT_OBJC_ISA_USAGE = YES_ERROR;
				CLANG_WARN_DOCUMENTATION_COMMENTS = YES;
				CLANG_WARN_EMPTY_BODY = YES;
				CLANG_WARN_ENUM_CONVERSION = YES;
				CLANG_WARN_INFINITE_RECURSION = YES;
				CLANG_WARN_INT_CONVERSION = YES;
				CLANG_WARN_NON_LITERAL_NULL_CONVERSION = YES;
				CLANG_WARN_OBJC_IMPLICIT_RETAIN_SELF = YES;
				CLANG_WARN_OBJC_LITERAL_CONVERSION = YES;
				CLANG_WARN_OBJC_ROOT_CLASS = YES_ERROR;
				CLANG_WARN_QUOTED_INCLUDE_IN_FRAMEWORK_HEADER = YES;
				CLANG_WARN_RANGE_LOOP_ANALYSIS = YES;
				CLANG_WARN_STRICT_PROTOTYPES = YES;
				CLANG_WARN_SUSPICIOUS_MOVE = YES;
				CLANG_WARN_UNGUARDED_AVAILABILITY = YES_AGGRESSIVE;
				CLANG_WARN_UNREACHABLE_CODE = YES;
				CLANG_WARN__DUPLICATE_METHOD_MATCH = YES;
				COPY_PHASE_STRIP = NO;
				DEBUG_INFORMATION_FORMAT = dwarf;
				ENABLE_STRICT_OBJC_MSGSEND = YES;
				ENABLE_TESTABILITY = YES;
				"EXCLUDED_ARCHS[sdk=*]" = "";
				GCC_C_LANGUAGE_STANDARD = gnu11;
				GCC_DYNAMIC_NO_PIC = NO;
				GCC_NO_COMMON_BLOCKS = YES;
				GCC_OPTIMIZATION_LEVEL = 0;
				GCC_PREPROCESSOR_DEFINITIONS = (
					"DEBUG=1",
					"$(inherited)",
				);
				GCC_WARN_64_TO_32_BIT_CONVERSION = YES;
				GCC_WARN_ABOUT_RETURN_TYPE = YES_ERROR;
				GCC_WARN_UNDECLARED_SELECTOR = YES;
				GCC_WARN_UNINITIALIZED_AUTOS = YES_AGGRESSIVE;
				GCC_WARN_UNUSED_FUNCTION = YES;
				GCC_WARN_UNUSED_VARIABLE = YES;
				IPHONEOS_DEPLOYMENT_TARGET = 15.0;
				MTL_ENABLE_DEBUG_INFO = INCLUDE_SOURCE;
				MTL_FAST_MATH = YES;
				ONLY_ACTIVE_ARCH = YES;
				SDKROOT = iphoneos;
				SWIFT_ACTIVE_COMPILATION_CONDITIONS = DEBUG;
				SWIFT_OPTIMIZATION_LEVEL = "-Onone";
			};
			name = Debug;
		};
		15CCD53327EA3199007FAE68 /* Release */ = {
			isa = XCBuildConfiguration;
			buildSettings = {
				ALWAYS_SEARCH_USER_PATHS = NO;
				CLANG_ANALYZER_NONNULL = YES;
				CLANG_ANALYZER_NUMBER_OBJECT_CONVERSION = YES_AGGRESSIVE;
				CLANG_CXX_LANGUAGE_STANDARD = "gnu++17";
				CLANG_CXX_LIBRARY = "libc++";
				CLANG_ENABLE_MODULES = YES;
				CLANG_ENABLE_OBJC_ARC = YES;
				CLANG_ENABLE_OBJC_WEAK = YES;
				CLANG_WARN_BLOCK_CAPTURE_AUTORELEASING = YES;
				CLANG_WARN_BOOL_CONVERSION = YES;
				CLANG_WARN_COMMA = YES;
				CLANG_WARN_CONSTANT_CONVERSION = YES;
				CLANG_WARN_DEPRECATED_OBJC_IMPLEMENTATIONS = YES;
				CLANG_WARN_DIRECT_OBJC_ISA_USAGE = YES_ERROR;
				CLANG_WARN_DOCUMENTATION_COMMENTS = YES;
				CLANG_WARN_EMPTY_BODY = YES;
				CLANG_WARN_ENUM_CONVERSION = YES;
				CLANG_WARN_INFINITE_RECURSION = YES;
				CLANG_WARN_INT_CONVERSION = YES;
				CLANG_WARN_NON_LITERAL_NULL_CONVERSION = YES;
				CLANG_WARN_OBJC_IMPLICIT_RETAIN_SELF = YES;
				CLANG_WARN_OBJC_LITERAL_CONVERSION = YES;
				CLANG_WARN_OBJC_ROOT_CLASS = YES_ERROR;
				CLANG_WARN_QUOTED_INCLUDE_IN_FRAMEWORK_HEADER = YES;
				CLANG_WARN_RANGE_LOOP_ANALYSIS = YES;
				CLANG_WARN_STRICT_PROTOTYPES = YES;
				CLANG_WARN_SUSPICIOUS_MOVE = YES;
				CLANG_WARN_UNGUARDED_AVAILABILITY = YES_AGGRESSIVE;
				CLANG_WARN_UNREACHABLE_CODE = YES;
				CLANG_WARN__DUPLICATE_METHOD_MATCH = YES;
				COPY_PHASE_STRIP = NO;
				DEBUG_INFORMATION_FORMAT = "dwarf-with-dsym";
				ENABLE_NS_ASSERTIONS = NO;
				ENABLE_STRICT_OBJC_MSGSEND = YES;
				GCC_C_LANGUAGE_STANDARD = gnu11;
				GCC_NO_COMMON_BLOCKS = YES;
				GCC_WARN_64_TO_32_BIT_CONVERSION = YES;
				GCC_WARN_ABOUT_RETURN_TYPE = YES_ERROR;
				GCC_WARN_UNDECLARED_SELECTOR = YES;
				GCC_WARN_UNINITIALIZED_AUTOS = YES_AGGRESSIVE;
				GCC_WARN_UNUSED_FUNCTION = YES;
				GCC_WARN_UNUSED_VARIABLE = YES;
				IPHONEOS_DEPLOYMENT_TARGET = 15.0;
				MTL_ENABLE_DEBUG_INFO = NO;
				MTL_FAST_MATH = YES;
				SDKROOT = iphoneos;
				SWIFT_COMPILATION_MODE = wholemodule;
				SWIFT_OPTIMIZATION_LEVEL = "-O";
				VALIDATE_PRODUCT = YES;
			};
			name = Release;
		};
		15CCD53527EA3199007FAE68 /* Debug */ = {
			isa = XCBuildConfiguration;
			baseConfigurationReference = F4EA3105DEAC02501F96EFC4 /* Pods-MobileAPICollection.debug.xcconfig */;
			buildSettings = {
				ASSETCATALOG_COMPILER_APPICON_NAME = AppIcon;
				ASSETCATALOG_COMPILER_GLOBAL_ACCENT_COLOR_NAME = AccentColor;
				CODE_SIGN_STYLE = Automatic;
				CURRENT_PROJECT_VERSION = 1;
				GENERATE_INFOPLIST_FILE = YES;
				INFOPLIST_FILE = MobileAPICollection/Info.plist;
				INFOPLIST_KEY_UIApplicationSupportsIndirectInputEvents = YES;
				INFOPLIST_KEY_UILaunchStoryboardName = LaunchScreen;
				INFOPLIST_KEY_UIMainStoryboardFile = Main;
				INFOPLIST_KEY_UISupportedInterfaceOrientations_iPad = "UIInterfaceOrientationPortrait UIInterfaceOrientationPortraitUpsideDown UIInterfaceOrientationLandscapeLeft UIInterfaceOrientationLandscapeRight";
				INFOPLIST_KEY_UISupportedInterfaceOrientations_iPhone = "UIInterfaceOrientationPortrait UIInterfaceOrientationLandscapeLeft UIInterfaceOrientationLandscapeRight";
				LD_RUNPATH_SEARCH_PATHS = (
					"$(inherited)",
					"@executable_path/Frameworks",
				);
				MARKETING_VERSION = 1.0;
				PRODUCT_BUNDLE_IDENTIFIER = com.MobileAPICollection;
				PRODUCT_NAME = "$(TARGET_NAME)";
				SWIFT_EMIT_LOC_STRINGS = YES;
				SWIFT_VERSION = 5.0;
				TARGETED_DEVICE_FAMILY = "1,2";
			};
			name = Debug;
		};
		15CCD53627EA3199007FAE68 /* Release */ = {
			isa = XCBuildConfiguration;
			baseConfigurationReference = 86E6C4871083223C3616E25D /* Pods-MobileAPICollection.release.xcconfig */;
			buildSettings = {
				ASSETCATALOG_COMPILER_APPICON_NAME = AppIcon;
				ASSETCATALOG_COMPILER_GLOBAL_ACCENT_COLOR_NAME = AccentColor;
				CODE_SIGN_STYLE = Automatic;
				CURRENT_PROJECT_VERSION = 1;
				GENERATE_INFOPLIST_FILE = YES;
				INFOPLIST_FILE = MobileAPICollection/Info.plist;
				INFOPLIST_KEY_UIApplicationSupportsIndirectInputEvents = YES;
				INFOPLIST_KEY_UILaunchStoryboardName = LaunchScreen;
				INFOPLIST_KEY_UIMainStoryboardFile = Main;
				INFOPLIST_KEY_UISupportedInterfaceOrientations_iPad = "UIInterfaceOrientationPortrait UIInterfaceOrientationPortraitUpsideDown UIInterfaceOrientationLandscapeLeft UIInterfaceOrientationLandscapeRight";
				INFOPLIST_KEY_UISupportedInterfaceOrientations_iPhone = "UIInterfaceOrientationPortrait UIInterfaceOrientationLandscapeLeft UIInterfaceOrientationLandscapeRight";
				LD_RUNPATH_SEARCH_PATHS = (
					"$(inherited)",
					"@executable_path/Frameworks",
				);
				MARKETING_VERSION = 1.0;
				PRODUCT_BUNDLE_IDENTIFIER = com.MobileAPICollection;
				PRODUCT_NAME = "$(TARGET_NAME)";
				SWIFT_EMIT_LOC_STRINGS = YES;
				SWIFT_VERSION = 5.0;
				TARGETED_DEVICE_FAMILY = "1,2";
			};
			name = Release;
		};
/* End XCBuildConfiguration section */

/* Begin XCConfigurationList section */
		15CCD51B27EA3190007FAE68 /* Build configuration list for PBXProject "MobileAPICollection" */ = {
			isa = XCConfigurationList;
			buildConfigurations = (
				15CCD53227EA3199007FAE68 /* Debug */,
				15CCD53327EA3199007FAE68 /* Release */,
			);
			defaultConfigurationIsVisible = 0;
			defaultConfigurationName = Release;
		};
		15CCD53427EA3199007FAE68 /* Build configuration list for PBXNativeTarget "MobileAPICollection" */ = {
			isa = XCConfigurationList;
			buildConfigurations = (
				15CCD53527EA3199007FAE68 /* Debug */,
				15CCD53627EA3199007FAE68 /* Release */,
			);
			defaultConfigurationIsVisible = 0;
			defaultConfigurationName = Release;
		};
/* End XCConfigurationList section */
	};
	rootObject = 15CCD51827EA3190007FAE68 /* Project object */;
}
